{
  "name": "web",
  "version": "1.0.0",
  "lockfileVersion": 1,
  "requires": true,
  "dependencies": {
    "angular": {
      "version": "1.4.14",
      "resolved": "https://registry.npmjs.org/angular/-/angular-1.4.14.tgz",
      "integrity": "sha1-nQ/q9gzm5SzlD0nuMoZW0eGHXDc="
    },
    "angular-mocks": {
      "version": "1.4.14",
      "resolved": "https://registry.npmjs.org/angular-mocks/-/angular-mocks-1.4.14.tgz",
      "integrity": "sha1-6hLscKUidpfnlXVSOrvsDg+RaKc="
    },
    "angular-route": {
      "version": "1.4.14",
      "resolved": "https://registry.npmjs.org/angular-route/-/angular-route-1.4.14.tgz",
      "integrity": "sha1-Ll2/4SOUI8Z4Flw5uzhgGtZqB5Q="
    },
    "capitalize": {
      "version": "0.5.0",
      "resolved": "https://registry.npmjs.org/capitalize/-/capitalize-0.5.0.tgz",
      "integrity": "sha1-76AHNDGD7xKv82DMhJJQZLXMd4s="
    },
    "click-off": {
      "version": "0.2.1",
      "resolved": "https://registry.npmjs.org/click-off/-/click-off-0.2.1.tgz",
      "integrity": "sha1-nHpHqcqM9z0GbKobLkBVlLQuNKc="
    },
    "commander": {
      "version": "1.1.1",
      "resolved": "https://registry.npmjs.org/commander/-/commander-1.1.1.tgz",
      "integrity": "sha1-UNFlGGiuYOzP8KLZ80WVN2vGsEE=",
      "requires": {
        "keypress": "0.1.x"
      }
    },
    "double-ended-queue": {
      "version": "2.1.0-0",
      "resolved": "https://registry.npmjs.org/double-ended-queue/-/double-ended-queue-2.1.0-0.tgz",
      "integrity": "sha1-ED01J/0xUo9AGIEwyEHv3XgmTlw="
    },
    "element-class": {
      "version": "0.1.1",
      "resolved": "https://registry.npmjs.org/element-class/-/element-class-0.1.1.tgz",
      "integrity": "sha1-iQ9XvA4TZdN5QxZRjbEhyFnRXk8=",
      "requires": {
        "inherits": "~1.0.0"
      }
    },
    "escape-stack": {
      "version": "0.1.2",
      "resolved": "https://registry.npmjs.org/escape-stack/-/escape-stack-0.1.2.tgz",
      "integrity": "sha1-2kx+YP+f7O+kAXL6AqzG1qwOwmc="
    },
    "grid": {
      "version": "3.3.7",
      "resolved": "https://registry.npmjs.org/grid/-/grid-3.3.7.tgz",
      "integrity": "sha1-SRqfA6y8HnbHBliPcCZLD+0J23A=",
      "requires": {
        "angular": "~1.4.7",
        "angular-mocks": "~1.4.7",
        "angular-route": "~1.4.7",
        "capitalize": "^0.5.0",
        "click-off": "~0.2.1",
        "element-class": "^0.1.1",
        "escape-stack": "~0.1.2",
        "inner-text-shim": "~1.0.1",
        "key": "^0.1.11",
        "time-now": "~0.2.1"
      }
    },
    "inherits": {
      "version": "1.0.2",
      "resolved": "https://registry.npmjs.org/inherits/-/inherits-1.0.2.tgz",
      "integrity": "sha1-ykMJ2t7mtUzAuNJH6NfHoJdb3Js="
    },
    "inner-text-shim": {
      "version": "1.0.1",
      "resolved": "https://registry.npmjs.org/inner-text-shim/-/inner-text-shim-1.0.1.tgz",
      "integrity": "sha1-M8X+8e9YIvvd0HT2y49b/s+b78M="
    },
    "js": {
      "version": "0.1.0",
      "resolved": "https://registry.npmjs.org/js/-/js-0.1.0.tgz",
      "integrity": "sha1-4dCv1V6jnCso2jBOgUPq8sEz82Y=",
      "requires": {
        "commander": "~1.1.1"
      }
    },
    "key": {
      "version": "0.1.11",
      "resolved": "https://registry.npmjs.org/key/-/key-0.1.11.tgz",
      "integrity": "sha1-ZgJPLi2qpPq+BJsm10xHIgVRz9k="
    },
    "keypress": {
      "version": "0.1.0",
      "resolved": "https://registry.npmjs.org/keypress/-/keypress-0.1.0.tgz",
      "integrity": "sha1-SjGI1CkbZrT2XtuZ+AaqmuKTWSo="
    },
    "redis": {
      "version": "2.8.0",
      "resolved": "https://registry.npmjs.org/redis/-/redis-2.8.0.tgz",
      "integrity": "sha512-M1OkonEQwtRmZv4tEWF2VgpG0JWJ8Fv1PhlgT5+B+uNq2cA3Rt1Yt/ryoR+vQNOQcIEgdCdfH0jr3bDpihAw1A==",
      "requires": {
        "double-ended-queue": "^2.1.0-0",
        "redis-commands": "^1.2.0",
        "redis-parser": "^2.6.0"
      }
    },
    "redis-commands": {
      "version": "1.5.0",
      "resolved": "https://registry.npmjs.org/redis-commands/-/redis-commands-1.5.0.tgz",
      "integrity": "sha512-6KxamqpZ468MeQC3bkWmCB1fp56XL64D4Kf0zJSwDZbVLLm7KFkoIcHrgRvQ+sk8dnhySs7+yBg94yIkAK7aJg=="
    },
    "redis-parser": {
      "version": "2.6.0",
      "resolved": "https://registry.npmjs.org/redis-parser/-/redis-parser-2.6.0.tgz",
      "integrity": "sha1-Uu0J2srBCPGmMcB+m2mUHnoZUEs="
    },
    "redis-url": {
      "version": "0.2.0",
      "resolved": "https://registry.npmjs.org/redis-url/-/redis-url-0.2.0.tgz",
      "integrity": "sha1-G3otrMw+qCZLH7ZWwNkB2cqcVHA=",
      "requires": {
        "redis": ">= 0.0.1"
      }
    },
    "src": {
      "version": "1.1.2",
      "resolved": "https://registry.npmjs.org/src/-/src-1.1.2.tgz",
      "integrity": "sha1-eKvdHAjKyibMbPRb1YC1bZOs+38=",
      "requires": {
        "redis-url": "~0.2.0",
        "underscore": "~1.6.0",
        "uuid": "~1.4.1"
      }
    },
    "time-now": {
      "version": "0.2.1",
      "resolved": "https://registry.npmjs.org/time-now/-/time-now-0.2.1.tgz",
      "integrity": "sha1-rMitMgLyWanyeRo0c5V9UVRKw4Q="
    },
    "underscore": {
      "version": "1.6.0",
      "resolved": "https://registry.npmjs.org/underscore/-/underscore-1.6.0.tgz",
      "integrity": "sha1-izixDKze9jM3uLJOT/htRa6lKag="
    },
    "uuid": {
      "version": "1.4.2",
      "resolved": "https://registry.npmjs.org/uuid/-/uuid-1.4.2.tgz",
      "integrity": "sha1-RTAZ9oaWam34PNxSROfJkOzDMvw="
    }
  }
}
